// !$*UTF8*$!
{
	archiveVersion = 1;
	classes = {
	};
	objectVersion = 46;
	objects = {

/* Begin PBXBuildFile section */
		0703C6F21AD653D9009A3841 /* ESPDataCode.m in Sources */ = {isa = PBXBuildFile; fileRef = 0703C6F11AD653D9009A3841 /* ESPDataCode.m */; };
		0703C6F51AD653E9009A3841 /* ESPDatumCode.m in Sources */ = {isa = PBXBuildFile; fileRef = 0703C6F41AD653E9009A3841 /* ESPDatumCode.m */; };
		0703C6F81AD65404009A3841 /* ESPTouchGenerator.m in Sources */ = {isa = PBXBuildFile; fileRef = 0703C6F71AD65404009A3841 /* ESPTouchGenerator.m */; };
		0703C6FB1AD65413009A3841 /* ESPGuideCode.m in Sources */ = {isa = PBXBuildFile; fileRef = 0703C6FA1AD65413009A3841 /* ESPGuideCode.m */; };
		071F6A111B05F7A70015B482 /* IPAddress.c in Sources */ = {isa = PBXBuildFile; fileRef = 071F6A0F1B05F7A70015B482 /* IPAddress.c */; };
		071F6A141B05F8790015B482 /* ESP_NetUtil.m in Sources */ = {isa = PBXBuildFile; fileRef = 071F6A131B05F8790015B482 /* ESP_NetUtil.m */; };
		073FD2131ADBB6350080A2CF /* ESPUDPSocketClient.m in Sources */ = {isa = PBXBuildFile; fileRef = 073FD2121ADBB6350080A2CF /* ESPUDPSocketClient.m */; };
		073FD2161ADBB6440080A2CF /* ESPUDPSocketServer.m in Sources */ = {isa = PBXBuildFile; fileRef = 073FD2151ADBB6440080A2CF /* ESPUDPSocketServer.m */; };
		075911561B0C2A090043C45D /* ESPTouchTaskParameter.m in Sources */ = {isa = PBXBuildFile; fileRef = 075911551B0C2A090043C45D /* ESPTouchTaskParameter.m */; };
		075A05C21AD3ABC100ECB5D6 /* ESP_ByteUtil.m in Sources */ = {isa = PBXBuildFile; fileRef = 075A05C11AD3ABC100ECB5D6 /* ESP_ByteUtil.m */; };
		077B600C1AC036C3000AC046 /* Foundation.framework in Frameworks */ = {isa = PBXBuildFile; fileRef = 077B600B1AC036C3000AC046 /* Foundation.framework */; };
		077B600E1AC036C3000AC046 /* CoreGraphics.framework in Frameworks */ = {isa = PBXBuildFile; fileRef = 077B600D1AC036C3000AC046 /* CoreGraphics.framework */; };
		077B60101AC036C3000AC046 /* UIKit.framework in Frameworks */ = {isa = PBXBuildFile; fileRef = 077B600F1AC036C3000AC046 /* UIKit.framework */; };
		077B60161AC036C3000AC046 /* InfoPlist.strings in Resources */ = {isa = PBXBuildFile; fileRef = 077B60141AC036C3000AC046 /* InfoPlist.strings */; };
		077B60181AC036C3000AC046 /* main.m in Sources */ = {isa = PBXBuildFile; fileRef = 077B60171AC036C3000AC046 /* main.m */; };
		077B601C1AC036C3000AC046 /* ESPAppDelegate.m in Sources */ = {isa = PBXBuildFile; fileRef = 077B601B1AC036C3000AC046 /* ESPAppDelegate.m */; };
		077B601F1AC036C3000AC046 /* Main.storyboard in Resources */ = {isa = PBXBuildFile; fileRef = 077B601D1AC036C3000AC046 /* Main.storyboard */; };
		077B60221AC036C3000AC046 /* ESPViewController.m in Sources */ = {isa = PBXBuildFile; fileRef = 077B60211AC036C3000AC046 /* ESPViewController.m */; };
		077B60241AC036C3000AC046 /* Images.xcassets in Resources */ = {isa = PBXBuildFile; fileRef = 077B60231AC036C3000AC046 /* Images.xcassets */; };
		077B602B1AC036C3000AC046 /* XCTest.framework in Frameworks */ = {isa = PBXBuildFile; fileRef = 077B602A1AC036C3000AC046 /* XCTest.framework */; };
		077B602C1AC036C3000AC046 /* Foundation.framework in Frameworks */ = {isa = PBXBuildFile; fileRef = 077B600B1AC036C3000AC046 /* Foundation.framework */; };
		077B602D1AC036C4000AC046 /* UIKit.framework in Frameworks */ = {isa = PBXBuildFile; fileRef = 077B600F1AC036C3000AC046 /* UIKit.framework */; };
		077B60351AC036C4000AC046 /* InfoPlist.strings in Resources */ = {isa = PBXBuildFile; fileRef = 077B60331AC036C4000AC046 /* InfoPlist.strings */; };
		077B60371AC036C4000AC046 /* EspTouchDemoTests.m in Sources */ = {isa = PBXBuildFile; fileRef = 077B60361AC036C4000AC046 /* EspTouchDemoTests.m */; };
		077B60461AC0395A000AC046 /* ESP_CRC8.m in Sources */ = {isa = PBXBuildFile; fileRef = 077B60451AC0395A000AC046 /* ESP_CRC8.m */; };
		07A433731ADCF33A001F99B0 /* ESPTouchTask.m in Sources */ = {isa = PBXBuildFile; fileRef = 07A433721ADCF33A001F99B0 /* ESPTouchTask.m */; };
		07A433761ADCF35A001F99B0 /* ESPTouchResult.m in Sources */ = {isa = PBXBuildFile; fileRef = 07A433751ADCF35A001F99B0 /* ESPTouchResult.m */; };
		A225E4771CB139AD00B54D9C /* IRViewController.m in Sources */ = {isa = PBXBuildFile; fileRef = A225E4761CB139AD00B54D9C /* IRViewController.m */; };
		A25187431CB1161500E3A7DD /* AppDelegate.m in Sources */ = {isa = PBXBuildFile; fileRef = A25187421CB1161500E3A7DD /* AppDelegate.m */; };
		A25187461CB116F600E3A7DD /* SmartConfigViewController.m in Sources */ = {isa = PBXBuildFile; fileRef = A25187451CB116F600E3A7DD /* SmartConfigViewController.m */; };
		A25187481CB1178600E3A7DD /* Storyboard.storyboard in Resources */ = {isa = PBXBuildFile; fileRef = A25187471CB1178600E3A7DD /* Storyboard.storyboard */; };
		A26E39E61CB53741004BE183 /* Telnet.m in Sources */ = {isa = PBXBuildFile; fileRef = A26E39E51CB53741004BE183 /* Telnet.m */; };
		A28B8E851CB2281200417E1B /* CocoaAsyncSocket.framework in Frameworks */ = {isa = PBXBuildFile; fileRef = A2A4B2C31CB21EC5000EEDCF /* CocoaAsyncSocket.framework */; };
		A28B8E861CB235D500417E1B /* CocoaAsyncSocket.framework in Frameworks */ = {isa = PBXBuildFile; fileRef = A2A4B2C31CB21EC5000EEDCF /* CocoaAsyncSocket.framework */; };
		A28B8E871CB235D500417E1B /* CocoaAsyncSocket.framework in Embed Frameworks */ = {isa = PBXBuildFile; fileRef = A2A4B2C31CB21EC5000EEDCF /* CocoaAsyncSocket.framework */; settings = {ATTRIBUTES = (CodeSignOnCopy, RemoveHeadersOnCopy, ); }; };
		A2A3FBD11CB69A390023E954 /* DraggableCollectionViewFlowLayout.m in Sources */ = {isa = PBXBuildFile; fileRef = A2A3FBD01CB69A390023E954 /* DraggableCollectionViewFlowLayout.m */; };
		A2A3FBD61CB69A4E0023E954 /* LSCollectionViewHelper.m in Sources */ = {isa = PBXBuildFile; fileRef = A2A3FBD31CB69A4E0023E954 /* LSCollectionViewHelper.m */; };
		A2A3FBD71CB69A4E0023E954 /* LSCollectionViewLayoutHelper.m in Sources */ = {isa = PBXBuildFile; fileRef = A2A3FBD51CB69A4E0023E954 /* LSCollectionViewLayoutHelper.m */; };
		A2A3FBDC1CB69A990023E954 /* UICollectionView+Draggable.m in Sources */ = {isa = PBXBuildFile; fileRef = A2A3FBDB1CB69A990023E954 /* UICollectionView+Draggable.m */; };
		A2A3FBDF1CB69AF10023E954 /* MyViewController.m in Sources */ = {isa = PBXBuildFile; fileRef = A2A3FBDE1CB69AF10023E954 /* MyViewController.m */; };
		A2A3FBE21CB6B2840023E954 /* MyCollectionViewCell.m in Sources */ = {isa = PBXBuildFile; fileRef = A2A3FBE11CB6B2840023E954 /* MyCollectionViewCell.m */; };
/* End PBXBuildFile section */

/* Begin PBXContainerItemProxy section */
		077B602E1AC036C4000AC046 /* PBXContainerItemProxy */ = {
			isa = PBXContainerItemProxy;
			containerPortal = 077B60001AC036C3000AC046 /* Project object */;
			proxyType = 1;
			remoteGlobalIDString = 077B60071AC036C3000AC046;
			remoteInfo = EspTouchDemo;
		};
		A28B8E801CB21F1800417E1B /* PBXContainerItemProxy */ = {
			isa = PBXContainerItemProxy;
			containerPortal = A2A4B2BC1CB21EC5000EEDCF /* CocoaAsyncSocket.xcodeproj */;
			proxyType = 1;
			remoteGlobalIDString = 6CD9900F1B77868C0011A685;
			remoteInfo = "iOS CocoaAsyncSocket";
		};
		A28B8E881CB235D500417E1B /* PBXContainerItemProxy */ = {
			isa = PBXContainerItemProxy;
			containerPortal = A2A4B2BC1CB21EC5000EEDCF /* CocoaAsyncSocket.xcodeproj */;
			proxyType = 1;
			remoteGlobalIDString = 6CD9900F1B77868C0011A685;
			remoteInfo = "iOS CocoaAsyncSocket";
		};
		A2A4B2C21CB21EC5000EEDCF /* PBXContainerItemProxy */ = {
			isa = PBXContainerItemProxy;
			containerPortal = A2A4B2BC1CB21EC5000EEDCF /* CocoaAsyncSocket.xcodeproj */;
			proxyType = 2;
			remoteGlobalIDString = 6CD990101B77868C0011A685;
			remoteInfo = "iOS CocoaAsyncSocket";
		};
		A2A4B2C41CB21EC5000EEDCF /* PBXContainerItemProxy */ = {
			isa = PBXContainerItemProxy;
			containerPortal = A2A4B2BC1CB21EC5000EEDCF /* CocoaAsyncSocket.xcodeproj */;
			proxyType = 2;
			remoteGlobalIDString = 9FC41F131B9D965000578BEB;
			remoteInfo = "Mac CocoaAsyncSocket";
		};
		A2A4B2C61CB21EC5000EEDCF /* PBXContainerItemProxy */ = {
			isa = PBXContainerItemProxy;
			containerPortal = A2A4B2BC1CB21EC5000EEDCF /* CocoaAsyncSocket.xcodeproj */;
			proxyType = 2;
			remoteGlobalIDString = 7D8B70C41BCFA15700D8E273;
			remoteInfo = "tvOS CocoaAsyncSocket";
		};
/* End PBXContainerItemProxy section */

/* Begin PBXCopyFilesBuildPhase section */
		A28B8E8A1CB235D500417E1B /* Embed Frameworks */ = {
			isa = PBXCopyFilesBuildPhase;
			buildActionMask = 2147483647;
			dstPath = "";
			dstSubfolderSpec = 10;
			files = (
				A28B8E871CB235D500417E1B /* CocoaAsyncSocket.framework in Embed Frameworks */,
			);
			name = "Embed Frameworks";
			runOnlyForDeploymentPostprocessing = 0;
		};
/* End PBXCopyFilesBuildPhase section */

/* Begin PBXFileReference section */
		0703C6F01AD653D9009A3841 /* ESPDataCode.h */ = {isa = PBXFileReference; fileEncoding = 4; lastKnownFileType = sourcecode.c.h; path = ESPDataCode.h; sourceTree = "<group>"; };
		0703C6F11AD653D9009A3841 /* ESPDataCode.m */ = {isa = PBXFileReference; fileEncoding = 4; lastKnownFileType = sourcecode.c.objc; path = ESPDataCode.m; sourceTree = "<group>"; };
		0703C6F31AD653E9009A3841 /* ESPDatumCode.h */ = {isa = PBXFileReference; fileEncoding = 4; lastKnownFileType = sourcecode.c.h; path = ESPDatumCode.h; sourceTree = "<group>"; };
		0703C6F41AD653E9009A3841 /* ESPDatumCode.m */ = {isa = PBXFileReference; fileEncoding = 4; lastKnownFileType = sourcecode.c.objc; path = ESPDatumCode.m; sourceTree = "<group>"; };
		0703C6F61AD65404009A3841 /* ESPTouchGenerator.h */ = {isa = PBXFileReference; fileEncoding = 4; lastKnownFileType = sourcecode.c.h; path = ESPTouchGenerator.h; sourceTree = "<group>"; };
		0703C6F71AD65404009A3841 /* ESPTouchGenerator.m */ = {isa = PBXFileReference; fileEncoding = 4; lastKnownFileType = sourcecode.c.objc; path = ESPTouchGenerator.m; sourceTree = "<group>"; };
		0703C6F91AD65413009A3841 /* ESPGuideCode.h */ = {isa = PBXFileReference; fileEncoding = 4; lastKnownFileType = sourcecode.c.h; path = ESPGuideCode.h; sourceTree = "<group>"; };
		0703C6FA1AD65413009A3841 /* ESPGuideCode.m */ = {isa = PBXFileReference; fileEncoding = 4; lastKnownFileType = sourcecode.c.objc; path = ESPGuideCode.m; sourceTree = "<group>"; };
		071F6A0F1B05F7A70015B482 /* IPAddress.c */ = {isa = PBXFileReference; fileEncoding = 4; lastKnownFileType = sourcecode.c.c; path = IPAddress.c; sourceTree = "<group>"; };
		071F6A101B05F7A70015B482 /* IPAddress.h */ = {isa = PBXFileReference; fileEncoding = 4; lastKnownFileType = sourcecode.c.h; path = IPAddress.h; sourceTree = "<group>"; };
		071F6A121B05F8790015B482 /* ESP_NetUtil.h */ = {isa = PBXFileReference; fileEncoding = 4; lastKnownFileType = sourcecode.c.h; path = ESP_NetUtil.h; sourceTree = "<group>"; };
		071F6A131B05F8790015B482 /* ESP_NetUtil.m */ = {isa = PBXFileReference; fileEncoding = 4; lastKnownFileType = sourcecode.c.objc; path = ESP_NetUtil.m; sourceTree = "<group>"; };
		073FD2111ADBB6350080A2CF /* ESPUDPSocketClient.h */ = {isa = PBXFileReference; fileEncoding = 4; lastKnownFileType = sourcecode.c.h; path = ESPUDPSocketClient.h; sourceTree = "<group>"; };
		073FD2121ADBB6350080A2CF /* ESPUDPSocketClient.m */ = {isa = PBXFileReference; fileEncoding = 4; lastKnownFileType = sourcecode.c.objc; path = ESPUDPSocketClient.m; sourceTree = "<group>"; };
		073FD2141ADBB6440080A2CF /* ESPUDPSocketServer.h */ = {isa = PBXFileReference; fileEncoding = 4; lastKnownFileType = sourcecode.c.h; path = ESPUDPSocketServer.h; sourceTree = "<group>"; };
		073FD2151ADBB6440080A2CF /* ESPUDPSocketServer.m */ = {isa = PBXFileReference; fileEncoding = 4; lastKnownFileType = sourcecode.c.objc; path = ESPUDPSocketServer.m; sourceTree = "<group>"; };
		07504B591B7D99B500B8517E /* ESPTouchDelegate.h */ = {isa = PBXFileReference; fileEncoding = 4; lastKnownFileType = sourcecode.c.h; path = ESPTouchDelegate.h; sourceTree = "<group>"; };
		075911541B0C2A090043C45D /* ESPTouchTaskParameter.h */ = {isa = PBXFileReference; fileEncoding = 4; lastKnownFileType = sourcecode.c.h; path = ESPTouchTaskParameter.h; sourceTree = "<group>"; };
		075911551B0C2A090043C45D /* ESPTouchTaskParameter.m */ = {isa = PBXFileReference; fileEncoding = 4; lastKnownFileType = sourcecode.c.objc; path = ESPTouchTaskParameter.m; sourceTree = "<group>"; };
		075A05C01AD3ABC100ECB5D6 /* ESP_ByteUtil.h */ = {isa = PBXFileReference; fileEncoding = 4; lastKnownFileType = sourcecode.c.h; path = ESP_ByteUtil.h; sourceTree = "<group>"; };
		075A05C11AD3ABC100ECB5D6 /* ESP_ByteUtil.m */ = {isa = PBXFileReference; fileEncoding = 4; lastKnownFileType = sourcecode.c.objc; path = ESP_ByteUtil.m; sourceTree = "<group>"; };
		077B60081AC036C3000AC046 /* EspTouchDemo.app */ = {isa = PBXFileReference; explicitFileType = wrapper.application; includeInIndex = 0; path = EspTouchDemo.app; sourceTree = BUILT_PRODUCTS_DIR; };
		077B600B1AC036C3000AC046 /* Foundation.framework */ = {isa = PBXFileReference; lastKnownFileType = wrapper.framework; name = Foundation.framework; path = System/Library/Frameworks/Foundation.framework; sourceTree = SDKROOT; };
		077B600D1AC036C3000AC046 /* CoreGraphics.framework */ = {isa = PBXFileReference; lastKnownFileType = wrapper.framework; name = CoreGraphics.framework; path = System/Library/Frameworks/CoreGraphics.framework; sourceTree = SDKROOT; };
		077B600F1AC036C3000AC046 /* UIKit.framework */ = {isa = PBXFileReference; lastKnownFileType = wrapper.framework; name = UIKit.framework; path = System/Library/Frameworks/UIKit.framework; sourceTree = SDKROOT; };
		077B60131AC036C3000AC046 /* EspTouchDemo-Info.plist */ = {isa = PBXFileReference; lastKnownFileType = text.plist.xml; path = "EspTouchDemo-Info.plist"; sourceTree = "<group>"; };
		077B60151AC036C3000AC046 /* en */ = {isa = PBXFileReference; lastKnownFileType = text.plist.strings; name = en; path = en.lproj/InfoPlist.strings; sourceTree = "<group>"; };
		077B60171AC036C3000AC046 /* main.m */ = {isa = PBXFileReference; lastKnownFileType = sourcecode.c.objc; path = main.m; sourceTree = "<group>"; };
		077B60191AC036C3000AC046 /* EspTouchDemo-Prefix.pch */ = {isa = PBXFileReference; lastKnownFileType = sourcecode.c.h; path = "EspTouchDemo-Prefix.pch"; sourceTree = "<group>"; };
		077B601A1AC036C3000AC046 /* ESPAppDelegate.h */ = {isa = PBXFileReference; lastKnownFileType = sourcecode.c.h; path = ESPAppDelegate.h; sourceTree = "<group>"; };
		077B601B1AC036C3000AC046 /* ESPAppDelegate.m */ = {isa = PBXFileReference; lastKnownFileType = sourcecode.c.objc; path = ESPAppDelegate.m; sourceTree = "<group>"; };
		077B601E1AC036C3000AC046 /* Base */ = {isa = PBXFileReference; lastKnownFileType = file.storyboard; name = Base; path = Base.lproj/Main.storyboard; sourceTree = "<group>"; };
		077B60201AC036C3000AC046 /* ESPViewController.h */ = {isa = PBXFileReference; lastKnownFileType = sourcecode.c.h; path = ESPViewController.h; sourceTree = "<group>"; };
		077B60211AC036C3000AC046 /* ESPViewController.m */ = {isa = PBXFileReference; lastKnownFileType = sourcecode.c.objc; path = ESPViewController.m; sourceTree = "<group>"; };
		077B60231AC036C3000AC046 /* Images.xcassets */ = {isa = PBXFileReference; lastKnownFileType = folder.assetcatalog; path = Images.xcassets; sourceTree = "<group>"; };
		077B60291AC036C3000AC046 /* EspTouchDemoTests.xctest */ = {isa = PBXFileReference; explicitFileType = wrapper.cfbundle; includeInIndex = 0; path = EspTouchDemoTests.xctest; sourceTree = BUILT_PRODUCTS_DIR; };
		077B602A1AC036C3000AC046 /* XCTest.framework */ = {isa = PBXFileReference; lastKnownFileType = wrapper.framework; name = XCTest.framework; path = Library/Frameworks/XCTest.framework; sourceTree = DEVELOPER_DIR; };
		077B60321AC036C4000AC046 /* EspTouchDemoTests-Info.plist */ = {isa = PBXFileReference; lastKnownFileType = text.plist.xml; path = "EspTouchDemoTests-Info.plist"; sourceTree = "<group>"; };
		077B60341AC036C4000AC046 /* en */ = {isa = PBXFileReference; lastKnownFileType = text.plist.strings; name = en; path = en.lproj/InfoPlist.strings; sourceTree = "<group>"; };
		077B60361AC036C4000AC046 /* EspTouchDemoTests.m */ = {isa = PBXFileReference; lastKnownFileType = sourcecode.c.objc; path = EspTouchDemoTests.m; sourceTree = "<group>"; };
		077B60441AC0395A000AC046 /* ESP_CRC8.h */ = {isa = PBXFileReference; fileEncoding = 4; lastKnownFileType = sourcecode.c.h; path = ESP_CRC8.h; sourceTree = "<group>"; };
		077B60451AC0395A000AC046 /* ESP_CRC8.m */ = {isa = PBXFileReference; fileEncoding = 4; lastKnownFileType = sourcecode.c.objc; path = ESP_CRC8.m; sourceTree = "<group>"; };
		07A433711ADCF33A001F99B0 /* ESPTouchTask.h */ = {isa = PBXFileReference; fileEncoding = 4; lastKnownFileType = sourcecode.c.h; path = ESPTouchTask.h; sourceTree = "<group>"; };
		07A433721ADCF33A001F99B0 /* ESPTouchTask.m */ = {isa = PBXFileReference; fileEncoding = 4; lastKnownFileType = sourcecode.c.objc; path = ESPTouchTask.m; sourceTree = "<group>"; };
		07A433741ADCF35A001F99B0 /* ESPTouchResult.h */ = {isa = PBXFileReference; fileEncoding = 4; lastKnownFileType = sourcecode.c.h; path = ESPTouchResult.h; sourceTree = "<group>"; };
		07A433751ADCF35A001F99B0 /* ESPTouchResult.m */ = {isa = PBXFileReference; fileEncoding = 4; lastKnownFileType = sourcecode.c.objc; path = ESPTouchResult.m; sourceTree = "<group>"; };
		A225E4751CB139AD00B54D9C /* IRViewController.h */ = {isa = PBXFileReference; fileEncoding = 4; lastKnownFileType = sourcecode.c.h; path = IRViewController.h; sourceTree = "<group>"; };
		A225E4761CB139AD00B54D9C /* IRViewController.m */ = {isa = PBXFileReference; fileEncoding = 4; lastKnownFileType = sourcecode.c.objc; path = IRViewController.m; sourceTree = "<group>"; };
		A23E9B101CB913F700CE3E6E /* EspTouchDemo-Bridging-Header.h */ = {isa = PBXFileReference; lastKnownFileType = sourcecode.c.h; path = "EspTouchDemo-Bridging-Header.h"; sourceTree = "<group>"; };
		A25187411CB1161500E3A7DD /* AppDelegate.h */ = {isa = PBXFileReference; fileEncoding = 4; lastKnownFileType = sourcecode.c.h; path = AppDelegate.h; sourceTree = "<group>"; };
		A25187421CB1161500E3A7DD /* AppDelegate.m */ = {isa = PBXFileReference; fileEncoding = 4; lastKnownFileType = sourcecode.c.objc; path = AppDelegate.m; sourceTree = "<group>"; };
		A25187441CB116F600E3A7DD /* SmartConfigViewController.h */ = {isa = PBXFileReference; fileEncoding = 4; lastKnownFileType = sourcecode.c.h; path = SmartConfigViewController.h; sourceTree = "<group>"; };
		A25187451CB116F600E3A7DD /* SmartConfigViewController.m */ = {isa = PBXFileReference; fileEncoding = 4; lastKnownFileType = sourcecode.c.objc; path = SmartConfigViewController.m; sourceTree = "<group>"; };
		A25187471CB1178600E3A7DD /* Storyboard.storyboard */ = {isa = PBXFileReference; fileEncoding = 4; lastKnownFileType = file.storyboard; path = Storyboard.storyboard; sourceTree = "<group>"; };
		A26E39E41CB53741004BE183 /* Telnet.h */ = {isa = PBXFileReference; fileEncoding = 4; lastKnownFileType = sourcecode.c.h; path = Telnet.h; sourceTree = "<group>"; };
		A26E39E51CB53741004BE183 /* Telnet.m */ = {isa = PBXFileReference; fileEncoding = 4; lastKnownFileType = sourcecode.c.objc; path = Telnet.m; sourceTree = "<group>"; };
		A2A3FBCF1CB69A390023E954 /* DraggableCollectionViewFlowLayout.h */ = {isa = PBXFileReference; fileEncoding = 4; lastKnownFileType = sourcecode.c.h; name = DraggableCollectionViewFlowLayout.h; path = "lib/DraggableCollectionView-master/DraggableCollectionView/Layout/DraggableCollectionViewFlowLayout.h"; sourceTree = SOURCE_ROOT; };
		A2A3FBD01CB69A390023E954 /* DraggableCollectionViewFlowLayout.m */ = {isa = PBXFileReference; fileEncoding = 4; lastKnownFileType = sourcecode.c.objc; name = DraggableCollectionViewFlowLayout.m; path = "lib/DraggableCollectionView-master/DraggableCollectionView/Layout/DraggableCollectionViewFlowLayout.m"; sourceTree = SOURCE_ROOT; };
		A2A3FBD21CB69A4E0023E954 /* LSCollectionViewHelper.h */ = {isa = PBXFileReference; fileEncoding = 4; lastKnownFileType = sourcecode.c.h; name = LSCollectionViewHelper.h; path = "lib/DraggableCollectionView-master/DraggableCollectionView/Helpers/LSCollectionViewHelper.h"; sourceTree = SOURCE_ROOT; };
		A2A3FBD31CB69A4E0023E954 /* LSCollectionViewHelper.m */ = {isa = PBXFileReference; fileEncoding = 4; lastKnownFileType = sourcecode.c.objc; name = LSCollectionViewHelper.m; path = "lib/DraggableCollectionView-master/DraggableCollectionView/Helpers/LSCollectionViewHelper.m"; sourceTree = SOURCE_ROOT; };
		A2A3FBD41CB69A4E0023E954 /* LSCollectionViewLayoutHelper.h */ = {isa = PBXFileReference; fileEncoding = 4; lastKnownFileType = sourcecode.c.h; name = LSCollectionViewLayoutHelper.h; path = "lib/DraggableCollectionView-master/DraggableCollectionView/Helpers/LSCollectionViewLayoutHelper.h"; sourceTree = SOURCE_ROOT; };
		A2A3FBD51CB69A4E0023E954 /* LSCollectionViewLayoutHelper.m */ = {isa = PBXFileReference; fileEncoding = 4; lastKnownFileType = sourcecode.c.objc; name = LSCollectionViewLayoutHelper.m; path = "lib/DraggableCollectionView-master/DraggableCollectionView/Helpers/LSCollectionViewLayoutHelper.m"; sourceTree = SOURCE_ROOT; };
		A2A3FBD81CB69A990023E954 /* UICollectionView+Draggable.h */ = {isa = PBXFileReference; fileEncoding = 4; lastKnownFileType = sourcecode.c.h; name = "UICollectionView+Draggable.h"; path = "lib/DraggableCollectionView-master/DraggableCollectionView/UICollectionView+Draggable.h"; sourceTree = SOURCE_ROOT; };
		A2A3FBD91CB69A990023E954 /* UICollectionViewDataSource_Draggable.h */ = {isa = PBXFileReference; fileEncoding = 4; lastKnownFileType = sourcecode.c.h; name = UICollectionViewDataSource_Draggable.h; path = "lib/DraggableCollectionView-master/DraggableCollectionView/UICollectionViewDataSource_Draggable.h"; sourceTree = SOURCE_ROOT; };
		A2A3FBDA1CB69A990023E954 /* UICollectionViewLayout_Warpable.h */ = {isa = PBXFileReference; fileEncoding = 4; lastKnownFileType = sourcecode.c.h; name = UICollectionViewLayout_Warpable.h; path = "lib/DraggableCollectionView-master/DraggableCollectionView/UICollectionViewLayout_Warpable.h"; sourceTree = SOURCE_ROOT; };
		A2A3FBDB1CB69A990023E954 /* UICollectionView+Draggable.m */ = {isa = PBXFileReference; fileEncoding = 4; lastKnownFileType = sourcecode.c.objc; name = "UICollectionView+Draggable.m"; path = "lib/DraggableCollectionView-master/DraggableCollectionView/UICollectionView+Draggable.m"; sourceTree = SOURCE_ROOT; };
		A2A3FBDD1CB69AF10023E954 /* MyViewController.h */ = {isa = PBXFileReference; fileEncoding = 4; lastKnownFileType = sourcecode.c.h; path = MyViewController.h; sourceTree = "<group>"; };
		A2A3FBDE1CB69AF10023E954 /* MyViewController.m */ = {isa = PBXFileReference; fileEncoding = 4; lastKnownFileType = sourcecode.c.objc; path = MyViewController.m; sourceTree = "<group>"; };
		A2A3FBE01CB6B2840023E954 /* MyCollectionViewCell.h */ = {isa = PBXFileReference; fileEncoding = 4; lastKnownFileType = sourcecode.c.h; path = MyCollectionViewCell.h; sourceTree = "<group>"; };
		A2A3FBE11CB6B2840023E954 /* MyCollectionViewCell.m */ = {isa = PBXFileReference; fileEncoding = 4; lastKnownFileType = sourcecode.c.objc; path = MyCollectionViewCell.m; sourceTree = "<group>"; };
		A2A4B2BC1CB21EC5000EEDCF /* CocoaAsyncSocket.xcodeproj */ = {isa = PBXFileReference; lastKnownFileType = "wrapper.pb-project"; name = CocoaAsyncSocket.xcodeproj; path = "lib/CocoaAsyncSocket-7.4.3/CocoaAsyncSocket.xcodeproj"; sourceTree = "<group>"; };
/* End PBXFileReference section */

/* Begin PBXFrameworksBuildPhase section */
		077B60051AC036C3000AC046 /* Frameworks */ = {
			isa = PBXFrameworksBuildPhase;
			buildActionMask = 2147483647;
			files = (
				A28B8E851CB2281200417E1B /* CocoaAsyncSocket.framework in Frameworks */,
				077B600E1AC036C3000AC046 /* CoreGraphics.framework in Frameworks */,
				A28B8E861CB235D500417E1B /* CocoaAsyncSocket.framework in Frameworks */,
				077B60101AC036C3000AC046 /* UIKit.framework in Frameworks */,
				077B600C1AC036C3000AC046 /* Foundation.framework in Frameworks */,
			);
			runOnlyForDeploymentPostprocessing = 0;
		};
		077B60261AC036C3000AC046 /* Frameworks */ = {
			isa = PBXFrameworksBuildPhase;
			buildActionMask = 2147483647;
			files = (
				077B602B1AC036C3000AC046 /* XCTest.framework in Frameworks */,
				077B602D1AC036C4000AC046 /* UIKit.framework in Frameworks */,
				077B602C1AC036C3000AC046 /* Foundation.framework in Frameworks */,
			);
			runOnlyForDeploymentPostprocessing = 0;
		};
/* End PBXFrameworksBuildPhase section */

/* Begin PBXGroup section */
		0703C6EE1AD653A9009A3841 /* protocol */ = {
			isa = PBXGroup;
			children = (
				0703C6F01AD653D9009A3841 /* ESPDataCode.h */,
				0703C6F11AD653D9009A3841 /* ESPDataCode.m */,
				0703C6F31AD653E9009A3841 /* ESPDatumCode.h */,
				0703C6F41AD653E9009A3841 /* ESPDatumCode.m */,
				0703C6F61AD65404009A3841 /* ESPTouchGenerator.h */,
				0703C6F71AD65404009A3841 /* ESPTouchGenerator.m */,
				0703C6F91AD65413009A3841 /* ESPGuideCode.h */,
				0703C6FA1AD65413009A3841 /* ESPGuideCode.m */,
			);
			name = protocol;
			sourceTree = "<group>";
		};
		077B5FFF1AC036C3000AC046 = {
			isa = PBXGroup;
			children = (
				A2A4B2BC1CB21EC5000EEDCF /* CocoaAsyncSocket.xcodeproj */,
				077B60111AC036C3000AC046 /* EspTouchDemo */,
				077B60301AC036C4000AC046 /* EspTouchDemoTests */,
				077B600A1AC036C3000AC046 /* Frameworks */,
				077B60091AC036C3000AC046 /* Products */,
			);
			sourceTree = "<group>";
		};
		077B60091AC036C3000AC046 /* Products */ = {
			isa = PBXGroup;
			children = (
				077B60081AC036C3000AC046 /* EspTouchDemo.app */,
				077B60291AC036C3000AC046 /* EspTouchDemoTests.xctest */,
			);
			name = Products;
			sourceTree = "<group>";
		};
		077B600A1AC036C3000AC046 /* Frameworks */ = {
			isa = PBXGroup;
			children = (
				077B600B1AC036C3000AC046 /* Foundation.framework */,
				077B600D1AC036C3000AC046 /* CoreGraphics.framework */,
				077B600F1AC036C3000AC046 /* UIKit.framework */,
				077B602A1AC036C3000AC046 /* XCTest.framework */,
			);
			name = Frameworks;
			sourceTree = "<group>";
		};
		077B60111AC036C3000AC046 /* EspTouchDemo */ = {
			isa = PBXGroup;
			children = (
				07A4336A1ADCF2CD001F99B0 /* esptouch */,
				0703C6EE1AD653A9009A3841 /* protocol */,
				077B60431AC038A1000AC046 /* util */,
				077B60421AC03893000AC046 /* udp */,
				077B60411AC0388A000AC046 /* task */,
				A2A3FBCC1CB699FE0023E954 /* DraggableCollectionView */,
				A25187471CB1178600E3A7DD /* Storyboard.storyboard */,
				A25187411CB1161500E3A7DD /* AppDelegate.h */,
				A25187421CB1161500E3A7DD /* AppDelegate.m */,
				A225E4751CB139AD00B54D9C /* IRViewController.h */,
				A225E4761CB139AD00B54D9C /* IRViewController.m */,
				A2A3FBDD1CB69AF10023E954 /* MyViewController.h */,
				A2A3FBDE1CB69AF10023E954 /* MyViewController.m */,
				A2A3FBE01CB6B2840023E954 /* MyCollectionViewCell.h */,
				A2A3FBE11CB6B2840023E954 /* MyCollectionViewCell.m */,
				A26E39E41CB53741004BE183 /* Telnet.h */,
				A26E39E51CB53741004BE183 /* Telnet.m */,
				A25187441CB116F600E3A7DD /* SmartConfigViewController.h */,
				A25187451CB116F600E3A7DD /* SmartConfigViewController.m */,
				077B60231AC036C3000AC046 /* Images.xcassets */,
				077B60121AC036C3000AC046 /* Supporting Files */,
			);
			path = EspTouchDemo;
			sourceTree = "<group>";
		};
		077B60121AC036C3000AC046 /* Supporting Files */ = {
			isa = PBXGroup;
			children = (
				077B601A1AC036C3000AC046 /* ESPAppDelegate.h */,
				077B601B1AC036C3000AC046 /* ESPAppDelegate.m */,
				077B60201AC036C3000AC046 /* ESPViewController.h */,
				077B60211AC036C3000AC046 /* ESPViewController.m */,
				077B601D1AC036C3000AC046 /* Main.storyboard */,
				077B60131AC036C3000AC046 /* EspTouchDemo-Info.plist */,
				077B60141AC036C3000AC046 /* InfoPlist.strings */,
				077B60171AC036C3000AC046 /* main.m */,
				077B60191AC036C3000AC046 /* EspTouchDemo-Prefix.pch */,
				A23E9B101CB913F700CE3E6E /* EspTouchDemo-Bridging-Header.h */,
			);
			name = "Supporting Files";
			sourceTree = "<group>";
		};
		077B60301AC036C4000AC046 /* EspTouchDemoTests */ = {
			isa = PBXGroup;
			children = (
				077B60361AC036C4000AC046 /* EspTouchDemoTests.m */,
				077B60311AC036C4000AC046 /* Supporting Files */,
			);
			path = EspTouchDemoTests;
			sourceTree = "<group>";
		};
		077B60311AC036C4000AC046 /* Supporting Files */ = {
			isa = PBXGroup;
			children = (
				077B60321AC036C4000AC046 /* EspTouchDemoTests-Info.plist */,
				077B60331AC036C4000AC046 /* InfoPlist.strings */,
			);
			name = "Supporting Files";
			sourceTree = "<group>";
		};
		077B60411AC0388A000AC046 /* task */ = {
			isa = PBXGroup;
			children = (
				07A433721ADCF33A001F99B0 /* ESPTouchTask.m */,
				07A433751ADCF35A001F99B0 /* ESPTouchResult.m */,
				075911541B0C2A090043C45D /* ESPTouchTaskParameter.h */,
				075911551B0C2A090043C45D /* ESPTouchTaskParameter.m */,
			);
			name = task;
			sourceTree = "<group>";
		};
		077B60421AC03893000AC046 /* udp */ = {
			isa = PBXGroup;
			children = (
				073FD2111ADBB6350080A2CF /* ESPUDPSocketClient.h */,
				073FD2121ADBB6350080A2CF /* ESPUDPSocketClient.m */,
				073FD2141ADBB6440080A2CF /* ESPUDPSocketServer.h */,
				073FD2151ADBB6440080A2CF /* ESPUDPSocketServer.m */,
			);
			name = udp;
			sourceTree = "<group>";
		};
		077B60431AC038A1000AC046 /* util */ = {
			isa = PBXGroup;
			children = (
				071F6A0F1B05F7A70015B482 /* IPAddress.c */,
				071F6A101B05F7A70015B482 /* IPAddress.h */,
				077B60441AC0395A000AC046 /* ESP_CRC8.h */,
				077B60451AC0395A000AC046 /* ESP_CRC8.m */,
				075A05C01AD3ABC100ECB5D6 /* ESP_ByteUtil.h */,
				075A05C11AD3ABC100ECB5D6 /* ESP_ByteUtil.m */,
				071F6A121B05F8790015B482 /* ESP_NetUtil.h */,
				071F6A131B05F8790015B482 /* ESP_NetUtil.m */,
			);
			name = util;
			sourceTree = "<group>";
		};
		07A4336A1ADCF2CD001F99B0 /* esptouch */ = {
			isa = PBXGroup;
			children = (
				07A433711ADCF33A001F99B0 /* ESPTouchTask.h */,
				07A433741ADCF35A001F99B0 /* ESPTouchResult.h */,
				07504B591B7D99B500B8517E /* ESPTouchDelegate.h */,
			);
			name = esptouch;
			sourceTree = "<group>";
		};
		A2A3FBCC1CB699FE0023E954 /* DraggableCollectionView */ = {
			isa = PBXGroup;
			children = (
				A2A3FBCE1CB69A1F0023E954 /* Layout */,
				A2A3FBCD1CB69A120023E954 /* Helpers */,
				A2A3FBD81CB69A990023E954 /* UICollectionView+Draggable.h */,
				A2A3FBD91CB69A990023E954 /* UICollectionViewDataSource_Draggable.h */,
				A2A3FBDA1CB69A990023E954 /* UICollectionViewLayout_Warpable.h */,
				A2A3FBDB1CB69A990023E954 /* UICollectionView+Draggable.m */,
			);
			name = DraggableCollectionView;
			sourceTree = "<group>";
		};
		A2A3FBCD1CB69A120023E954 /* Helpers */ = {
			isa = PBXGroup;
			children = (
				A2A3FBD21CB69A4E0023E954 /* LSCollectionViewHelper.h */,
				A2A3FBD31CB69A4E0023E954 /* LSCollectionViewHelper.m */,
				A2A3FBD41CB69A4E0023E954 /* LSCollectionViewLayoutHelper.h */,
				A2A3FBD51CB69A4E0023E954 /* LSCollectionViewLayoutHelper.m */,
			);
			name = Helpers;
			sourceTree = "<group>";
		};
		A2A3FBCE1CB69A1F0023E954 /* Layout */ = {
			isa = PBXGroup;
			children = (
				A2A3FBCF1CB69A390023E954 /* DraggableCollectionViewFlowLayout.h */,
				A2A3FBD01CB69A390023E954 /* DraggableCollectionViewFlowLayout.m */,
			);
			name = Layout;
			sourceTree = "<group>";
		};
		A2A4B2BD1CB21EC5000EEDCF /* Products */ = {
			isa = PBXGroup;
			children = (
				A2A4B2C31CB21EC5000EEDCF /* CocoaAsyncSocket.framework */,
				A2A4B2C51CB21EC5000EEDCF /* CocoaAsyncSocket.framework */,
				A2A4B2C71CB21EC5000EEDCF /* CocoaAsyncSocket.framework */,
			);
			name = Products;
			sourceTree = "<group>";
		};
/* End PBXGroup section */

/* Begin PBXNativeTarget section */
		077B60071AC036C3000AC046 /* EspTouchDemo */ = {
			isa = PBXNativeTarget;
			buildConfigurationList = 077B603A1AC036C4000AC046 /* Build configuration list for PBXNativeTarget "EspTouchDemo" */;
			buildPhases = (
				077B60041AC036C3000AC046 /* Sources */,
				077B60051AC036C3000AC046 /* Frameworks */,
				077B60061AC036C3000AC046 /* Resources */,
				A28B8E8A1CB235D500417E1B /* Embed Frameworks */,
			);
			buildRules = (
			);
			dependencies = (
				A28B8E811CB21F1800417E1B /* PBXTargetDependency */,
				A28B8E891CB235D500417E1B /* PBXTargetDependency */,
			);
			name = EspTouchDemo;
			productName = EspTouchDemo;
			productReference = 077B60081AC036C3000AC046 /* EspTouchDemo.app */;
			productType = "com.apple.product-type.application";
		};
		077B60281AC036C3000AC046 /* EspTouchDemoTests */ = {
			isa = PBXNativeTarget;
			buildConfigurationList = 077B603D1AC036C4000AC046 /* Build configuration list for PBXNativeTarget "EspTouchDemoTests" */;
			buildPhases = (
				077B60251AC036C3000AC046 /* Sources */,
				077B60261AC036C3000AC046 /* Frameworks */,
				077B60271AC036C3000AC046 /* Resources */,
			);
			buildRules = (
			);
			dependencies = (
				077B602F1AC036C4000AC046 /* PBXTargetDependency */,
			);
			name = EspTouchDemoTests;
			productName = EspTouchDemoTests;
			productReference = 077B60291AC036C3000AC046 /* EspTouchDemoTests.xctest */;
			productType = "com.apple.product-type.bundle.unit-test";
		};
/* End PBXNativeTarget section */

/* Begin PBXProject section */
		077B60001AC036C3000AC046 /* Project object */ = {
			isa = PBXProject;
			attributes = {
				CLASSPREFIX = ESP;
				LastSwiftUpdateCheck = 0730;
				LastUpgradeCheck = 0510;
				ORGANIZATIONNAME = "白 桦";
				TargetAttributes = {
					077B60071AC036C3000AC046 = {
						DevelopmentTeam = CHX656NT89;
					};
					077B60281AC036C3000AC046 = {
						TestTargetID = 077B60071AC036C3000AC046;
					};
				};
			};
			buildConfigurationList = 077B60031AC036C3000AC046 /* Build configuration list for PBXProject "EspTouchDemo" */;
			compatibilityVersion = "Xcode 3.2";
			developmentRegion = English;
			hasScannedForEncodings = 0;
			knownRegions = (
				en,
				Base,
			);
			mainGroup = 077B5FFF1AC036C3000AC046;
			productRefGroup = 077B60091AC036C3000AC046 /* Products */;
			projectDirPath = "";
			projectReferences = (
				{
					ProductGroup = A2A4B2BD1CB21EC5000EEDCF /* Products */;
					ProjectRef = A2A4B2BC1CB21EC5000EEDCF /* CocoaAsyncSocket.xcodeproj */;
				},
			);
			projectRoot = "";
			targets = (
				077B60071AC036C3000AC046 /* EspTouchDemo */,
				077B60281AC036C3000AC046 /* EspTouchDemoTests */,
			);
		};
/* End PBXProject section */

/* Begin PBXReferenceProxy section */
		A2A4B2C31CB21EC5000EEDCF /* CocoaAsyncSocket.framework */ = {
			isa = PBXReferenceProxy;
			fileType = wrapper.framework;
			path = CocoaAsyncSocket.framework;
			remoteRef = A2A4B2C21CB21EC5000EEDCF /* PBXContainerItemProxy */;
			sourceTree = BUILT_PRODUCTS_DIR;
		};
		A2A4B2C51CB21EC5000EEDCF /* CocoaAsyncSocket.framework */ = {
			isa = PBXReferenceProxy;
			fileType = wrapper.framework;
			path = CocoaAsyncSocket.framework;
			remoteRef = A2A4B2C41CB21EC5000EEDCF /* PBXContainerItemProxy */;
			sourceTree = BUILT_PRODUCTS_DIR;
		};
		A2A4B2C71CB21EC5000EEDCF /* CocoaAsyncSocket.framework */ = {
			isa = PBXReferenceProxy;
			fileType = wrapper.framework;
			path = CocoaAsyncSocket.framework;
			remoteRef = A2A4B2C61CB21EC5000EEDCF /* PBXContainerItemProxy */;
			sourceTree = BUILT_PRODUCTS_DIR;
		};
/* End PBXReferenceProxy section */

/* Begin PBXResourcesBuildPhase section */
		077B60061AC036C3000AC046 /* Resources */ = {
			isa = PBXResourcesBuildPhase;
			buildActionMask = 2147483647;
			files = (
				077B60241AC036C3000AC046 /* Images.xcassets in Resources */,
				A25187481CB1178600E3A7DD /* Storyboard.storyboard in Resources */,
				077B60161AC036C3000AC046 /* InfoPlist.strings in Resources */,
				077B601F1AC036C3000AC046 /* Main.storyboard in Resources */,
			);
			runOnlyForDeploymentPostprocessing = 0;
		};
		077B60271AC036C3000AC046 /* Resources */ = {
			isa = PBXResourcesBuildPhase;
			buildActionMask = 2147483647;
			files = (
				077B60351AC036C4000AC046 /* InfoPlist.strings in Resources */,
			);
			runOnlyForDeploymentPostprocessing = 0;
		};
/* End PBXResourcesBuildPhase section */

/* Begin PBXSourcesBuildPhase section */
		077B60041AC036C3000AC046 /* Sources */ = {
			isa = PBXSourcesBuildPhase;
			buildActionMask = 2147483647;
			files = (
				A25187461CB116F600E3A7DD /* SmartConfigViewController.m in Sources */,
				0703C6F81AD65404009A3841 /* ESPTouchGenerator.m in Sources */,
				A225E4771CB139AD00B54D9C /* IRViewController.m in Sources */,
				073FD2161ADBB6440080A2CF /* ESPUDPSocketServer.m in Sources */,
				077B60461AC0395A000AC046 /* ESP_CRC8.m in Sources */,
				0703C6F21AD653D9009A3841 /* ESPDataCode.m in Sources */,
				A2A3FBD61CB69A4E0023E954 /* LSCollectionViewHelper.m in Sources */,
				A2A3FBD11CB69A390023E954 /* DraggableCollectionViewFlowLayout.m in Sources */,
				0703C6F51AD653E9009A3841 /* ESPDatumCode.m in Sources */,
				07A433731ADCF33A001F99B0 /* ESPTouchTask.m in Sources */,
				071F6A141B05F8790015B482 /* ESP_NetUtil.m in Sources */,
				075A05C21AD3ABC100ECB5D6 /* ESP_ByteUtil.m in Sources */,
				A2A3FBDF1CB69AF10023E954 /* MyViewController.m in Sources */,
				0703C6FB1AD65413009A3841 /* ESPGuideCode.m in Sources */,
				A2A3FBE21CB6B2840023E954 /* MyCollectionViewCell.m in Sources */,
				075911561B0C2A090043C45D /* ESPTouchTaskParameter.m in Sources */,
				073FD2131ADBB6350080A2CF /* ESPUDPSocketClient.m in Sources */,
				071F6A111B05F7A70015B482 /* IPAddress.c in Sources */,
				A2A3FBDC1CB69A990023E954 /* UICollectionView+Draggable.m in Sources */,
				077B60181AC036C3000AC046 /* main.m in Sources */,
				A26E39E61CB53741004BE183 /* Telnet.m in Sources */,
				077B601C1AC036C3000AC046 /* ESPAppDelegate.m in Sources */,
				A25187431CB1161500E3A7DD /* AppDelegate.m in Sources */,
				A2A3FBD71CB69A4E0023E954 /* LSCollectionViewLayoutHelper.m in Sources */,
				077B60221AC036C3000AC046 /* ESPViewController.m in Sources */,
				07A433761ADCF35A001F99B0 /* ESPTouchResult.m in Sources */,
			);
			runOnlyForDeploymentPostprocessing = 0;
		};
		077B60251AC036C3000AC046 /* Sources */ = {
			isa = PBXSourcesBuildPhase;
			buildActionMask = 2147483647;
			files = (
				077B60371AC036C4000AC046 /* EspTouchDemoTests.m in Sources */,
			);
			runOnlyForDeploymentPostprocessing = 0;
		};
/* End PBXSourcesBuildPhase section */

/* Begin PBXTargetDependency section */
		077B602F1AC036C4000AC046 /* PBXTargetDependency */ = {
			isa = PBXTargetDependency;
			target = 077B60071AC036C3000AC046 /* EspTouchDemo */;
			targetProxy = 077B602E1AC036C4000AC046 /* PBXContainerItemProxy */;
		};
		A28B8E811CB21F1800417E1B /* PBXTargetDependency */ = {
			isa = PBXTargetDependency;
			name = "iOS CocoaAsyncSocket";
			targetProxy = A28B8E801CB21F1800417E1B /* PBXContainerItemProxy */;
		};
		A28B8E891CB235D500417E1B /* PBXTargetDependency */ = {
			isa = PBXTargetDependency;
			name = "iOS CocoaAsyncSocket";
			targetProxy = A28B8E881CB235D500417E1B /* PBXContainerItemProxy */;
		};
/* End PBXTargetDependency section */

/* Begin PBXVariantGroup section */
		077B60141AC036C3000AC046 /* InfoPlist.strings */ = {
			isa = PBXVariantGroup;
			children = (
				077B60151AC036C3000AC046 /* en */,
			);
			name = InfoPlist.strings;
			sourceTree = "<group>";
		};
		077B601D1AC036C3000AC046 /* Main.storyboard */ = {
			isa = PBXVariantGroup;
			children = (
				077B601E1AC036C3000AC046 /* Base */,
			);
			name = Main.storyboard;
			sourceTree = "<group>";
		};
		077B60331AC036C4000AC046 /* InfoPlist.strings */ = {
			isa = PBXVariantGroup;
			children = (
				077B60341AC036C4000AC046 /* en */,
			);
			name = InfoPlist.strings;
			sourceTree = "<group>";
		};
/* End PBXVariantGroup section */

/* Begin XCBuildConfiguration section */
		077B60381AC036C4000AC046 /* Debug */ = {
			isa = XCBuildConfiguration;
			buildSettings = {
				ALWAYS_SEARCH_USER_PATHS = NO;
				CLANG_CXX_LANGUAGE_STANDARD = "gnu++0x";
				CLANG_CXX_LIBRARY = "libc++";
				CLANG_ENABLE_MODULES = YES;
				CLANG_ENABLE_OBJC_ARC = YES;
				CLANG_WARN_BOOL_CONVERSION = YES;
				CLANG_WARN_CONSTANT_CONVERSION = YES;
				CLANG_WARN_DIRECT_OBJC_ISA_USAGE = YES_ERROR;
				CLANG_WARN_EMPTY_BODY = YES;
				CLANG_WARN_ENUM_CONVERSION = YES;
				CLANG_WARN_INT_CONVERSION = YES;
				CLANG_WARN_OBJC_ROOT_CLASS = YES_ERROR;
				CLANG_WARN__DUPLICATE_METHOD_MATCH = YES;
				"CODE_SIGN_IDENTITY[sdk=iphoneos*]" = "iPhone Developer";
				COPY_PHASE_STRIP = NO;
				GCC_C_LANGUAGE_STANDARD = gnu99;
				GCC_DYNAMIC_NO_PIC = NO;
				GCC_OPTIMIZATION_LEVEL = 0;
				GCC_PREPROCESSOR_DEFINITIONS = (
					"DEBUG=1",
					"$(inherited)",
				);
				GCC_SYMBOLS_PRIVATE_EXTERN = NO;
				GCC_WARN_64_TO_32_BIT_CONVERSION = YES;
				GCC_WARN_ABOUT_RETURN_TYPE = YES_ERROR;
				GCC_WARN_UNDECLARED_SELECTOR = YES;
				GCC_WARN_UNINITIALIZED_AUTOS = YES_AGGRESSIVE;
				GCC_WARN_UNUSED_FUNCTION = YES;
				GCC_WARN_UNUSED_VARIABLE = YES;
				IPHONEOS_DEPLOYMENT_TARGET = 6.0;
				ONLY_ACTIVE_ARCH = YES;
				SDKROOT = iphoneos;
			};
			name = Debug;
		};
		077B60391AC036C4000AC046 /* Release */ = {
			isa = XCBuildConfiguration;
			buildSettings = {
				ALWAYS_SEARCH_USER_PATHS = NO;
				CLANG_CXX_LANGUAGE_STANDARD = "gnu++0x";
				CLANG_CXX_LIBRARY = "libc++";
				CLANG_ENABLE_MODULES = YES;
				CLANG_ENABLE_OBJC_ARC = YES;
				CLANG_WARN_BOOL_CONVERSION = YES;
				CLANG_WARN_CONSTANT_CONVERSION = YES;
				CLANG_WARN_DIRECT_OBJC_ISA_USAGE = YES_ERROR;
				CLANG_WARN_EMPTY_BODY = YES;
				CLANG_WARN_ENUM_CONVERSION = YES;
				CLANG_WARN_INT_CONVERSION = YES;
				CLANG_WARN_OBJC_ROOT_CLASS = YES_ERROR;
				CLANG_WARN__DUPLICATE_METHOD_MATCH = YES;
				"CODE_SIGN_IDENTITY[sdk=iphoneos*]" = "iPhone Developer";
				COPY_PHASE_STRIP = YES;
				ENABLE_NS_ASSERTIONS = NO;
				GCC_C_LANGUAGE_STANDARD = gnu99;
				GCC_WARN_64_TO_32_BIT_CONVERSION = YES;
				GCC_WARN_ABOUT_RETURN_TYPE = YES_ERROR;
				GCC_WARN_UNDECLARED_SELECTOR = YES;
				GCC_WARN_UNINITIALIZED_AUTOS = YES_AGGRESSIVE;
				GCC_WARN_UNUSED_FUNCTION = YES;
				GCC_WARN_UNUSED_VARIABLE = YES;
				IPHONEOS_DEPLOYMENT_TARGET = 6.0;
				SDKROOT = iphoneos;
				VALIDATE_PRODUCT = YES;
			};
			name = Release;
		};
		077B603B1AC036C4000AC046 /* Debug */ = {
			isa = XCBuildConfiguration;
			buildSettings = {
				ASSETCATALOG_COMPILER_APPICON_NAME = AppIcon;
				ASSETCATALOG_COMPILER_LAUNCHIMAGE_NAME = LaunchImage;
				CLANG_ENABLE_MODULES = YES;
				CODE_SIGN_IDENTITY = "iPhone Developer";
				"CODE_SIGN_IDENTITY[sdk=iphoneos*]" = "iPhone Developer";
				GCC_PRECOMPILE_PREFIX_HEADER = YES;
				GCC_PREFIX_HEADER = "EspTouchDemo/EspTouchDemo-Prefix.pch";
				INFOPLIST_FILE = "EspTouchDemo/EspTouchDemo-Info.plist";
				IPHONEOS_DEPLOYMENT_TARGET = 8.0;
				LD_RUNPATH_SEARCH_PATHS = "$(inherited) @executable_path/Frameworks";
				PRODUCT_NAME = EspTouchDemo;
				PROVISIONING_PROFILE = "";
				SWIFT_OBJC_BRIDGING_HEADER = "EspTouchDemo/EspTouchDemo-Bridging-Header.h";
				SWIFT_OPTIMIZATION_LEVEL = "-Onone";
				WRAPPER_EXTENSION = app;
			};
			name = Debug;
		};
		077B603C1AC036C4000AC046 /* Release */ = {
			isa = XCBuildConfiguration;
			buildSettings = {
				ASSETCATALOG_COMPILER_APPICON_NAME = AppIcon;
				ASSETCATALOG_COMPILER_LAUNCHIMAGE_NAME = LaunchImage;
				CLANG_ENABLE_MODULES = YES;
				CODE_SIGN_IDENTITY = "iPhone Developer";
				"CODE_SIGN_IDENTITY[sdk=iphoneos*]" = "iPhone Developer";
				GCC_PRECOMPILE_PREFIX_HEADER = YES;
				GCC_PREFIX_HEADER = "EspTouchDemo/EspTouchDemo-Prefix.pch";
				INFOPLIST_FILE = "EspTouchDemo/EspTouchDemo-Info.plist";
				IPHONEOS_DEPLOYMENT_TARGET = 8.0;
				LD_RUNPATH_SEARCH_PATHS = "$(inherited) @executable_path/Frameworks";
				PRODUCT_NAME = EspTouchDemo;
				PROVISIONING_PROFILE = "";
				SWIFT_OBJC_BRIDGING_HEADER = "EspTouchDemo/EspTouchDemo-Bridging-Header.h";
				WRAPPER_EXTENSION = app;
			};
			name = Release;
		};
		077B603E1AC036C4000AC046 /* Debug */ = {
			isa = XCBuildConfiguration;
			buildSettings = {
				BUNDLE_LOADER = "$(BUILT_PRODUCTS_DIR)/EspTouchDemo.app/EspTouchDemo";
				FRAMEWORK_SEARCH_PATHS = (
					"$(SDKROOT)/Developer/Library/Frameworks",
					"$(inherited)",
					"$(DEVELOPER_FRAMEWORKS_DIR)",
				);
				GCC_PRECOMPILE_PREFIX_HEADER = YES;
				GCC_PREFIX_HEADER = "EspTouchDemo/EspTouchDemo-Prefix.pch";
				GCC_PREPROCESSOR_DEFINITIONS = (
					"DEBUG=1",
					"$(inherited)",
				);
				INFOPLIST_FILE = "EspTouchDemoTests/EspTouchDemoTests-Info.plist";
				PRODUCT_NAME = EspTouchDemoTests;
				TEST_HOST = "$(BUNDLE_LOADER)";
				WRAPPER_EXTENSION = xctest;
			};
			name = Debug;
		};
		077B603F1AC036C4000AC046 /* Release */ = {
			isa = XCBuildConfiguration;
			buildSettings = {
				BUNDLE_LOADER = "$(BUILT_PRODUCTS_DIR)/EspTouchDemo.app/EspTouchDemo";
				FRAMEWORK_SEARCH_PATHS = (
					"$(SDKROOT)/Developer/Library/Frameworks",
					"$(inherited)",
					"$(DEVELOPER_FRAMEWORKS_DIR)",
				);
				GCC_PRECOMPILE_PREFIX_HEADER = YES;
				GCC_PREFIX_HEADER = "EspTouchDemo/EspTouchDemo-Prefix.pch";
				INFOPLIST_FILE = "EspTouchDemoTests/EspTouchDemoTests-Info.plist";
				PRODUCT_NAME = EspTouchDemoTests;
				TEST_HOST = "$(BUNDLE_LOADER)";
				WRAPPER_EXTENSION = xctest;
			};
			name = Release;
		};
/* End XCBuildConfiguration section */

/* Begin XCConfigurationList section */
		077B60031AC036C3000AC046 /* Build configuration list for PBXProject "EspTouchDemo" */ = {
			isa = XCConfigurationList;
			buildConfigurations = (
				077B60381AC036C4000AC046 /* Debug */,
				077B60391AC036C4000AC046 /* Release */,
			);
			defaultConfigurationIsVisible = 0;
			defaultConfigurationName = Release;
		};
		077B603A1AC036C4000AC046 /* Build configuration list for PBXNativeTarget "EspTouchDemo" */ = {
			isa = XCConfigurationList;
			buildConfigurations = (
				077B603B1AC036C4000AC046 /* Debug */,
				077B603C1AC036C4000AC046 /* Release */,
			);
			defaultConfigurationIsVisible = 0;
			defaultConfigurationName = Release;
		};
		077B603D1AC036C4000AC046 /* Build configuration list for PBXNativeTarget "EspTouchDemoTests" */ = {
			isa = XCConfigurationList;
			buildConfigurations = (
				077B603E1AC036C4000AC046 /* Debug */,
				077B603F1AC036C4000AC046 /* Release */,
			);
			defaultConfigurationIsVisible = 0;
			defaultConfigurationName = Release;
		};
/* End XCConfigurationList section */
	};
	rootObject = 077B60001AC036C3000AC046 /* Project object */;
}
